// !$*UTF8*$!
{
	archiveVersion = 1;
	classes = {
	};
	objectVersion = 50;
	objects = {

/* Begin PBXBuildFile section */
		2A0DD92C20D5C5D70011AF55 /* CameraMetal.mm in Sources */ = {isa = PBXBuildFile; fileRef = 2A0DD92A20D5C5D70011AF55 /* CameraMetal.mm */; };
		2A42401D2172D1AA0056EE5F /* libboost_serialization.dylib in Frameworks */ = {isa = PBXBuildFile; fileRef = 2A423FB12172A9DE0056EE5F /* libboost_serialization.dylib */; };
		2A42401E2172D1AD0056EE5F /* AppKit.framework in Frameworks */ = {isa = PBXBuildFile; fileRef = 2A423F7921728DB80056EE5F /* AppKit.framework */; };
		2A42401F2172D1AF0056EE5F /* libboost_python37.dylib in Frameworks */ = {isa = PBXBuildFile; fileRef = 2A423F69216986570056EE5F /* libboost_python37.dylib */; };
		2A4240212172D1EB0056EE5F /* MotionControllerOrbit.cpp in Sources */ = {isa = PBXBuildFile; fileRef = 2A7BEAF2214EE0D2007CA6A3 /* MotionControllerOrbit.cpp */; };
		2A4240222172D1EB0056EE5F /* PythonBridge.cpp in Sources */ = {isa = PBXBuildFile; fileRef = 2A423F6321696E7A0056EE5F /* PythonBridge.cpp */; };
		2A4240232172D1EB0056EE5F /* PointCloud.cpp in Sources */ = {isa = PBXBuildFile; fileRef = 2AF2F4E321694F32003A5056 /* PointCloud.cpp */; };
		2A4240242172D1EB0056EE5F /* Sampler.cpp in Sources */ = {isa = PBXBuildFile; fileRef = 4F0F8C28216FBD540054B3A1 /* Sampler.cpp */; };
		2A4240252172D1EB0056EE5F /* Renderable.cpp in Sources */ = {isa = PBXBuildFile; fileRef = 4F0F8C2B216FC76B0054B3A1 /* Renderable.cpp */; };
		2A4240262172D1EB0056EE5F /* DataBuffer.cpp in Sources */ = {isa = PBXBuildFile; fileRef = 4F0F8C2F21710EC10054B3A1 /* DataBuffer.cpp */; };
		2A4240272172D1EB0056EE5F /* Serializers.cpp in Sources */ = {isa = PBXBuildFile; fileRef = 2A423F8821729C950056EE5F /* Serializers.cpp */; };
		2A4240282172D1EB0056EE5F /* Scene.cpp in Sources */ = {isa = PBXBuildFile; fileRef = 2A423F8A21729FC20056EE5F /* Scene.cpp */; };
		2A4240292172D1EB0056EE5F /* EngineImpl.mm in Sources */ = {isa = PBXBuildFile; fileRef = 2A423F6D2172576B0056EE5F /* EngineImpl.mm */; };
		2A42403E2172D66C0056EE5F /* libboost_serialization.dylib in Frameworks */ = {isa = PBXBuildFile; fileRef = 2A423FB12172A9DE0056EE5F /* libboost_serialization.dylib */; };
		2A42403F2172D66E0056EE5F /* AppKit.framework in Frameworks */ = {isa = PBXBuildFile; fileRef = 2A423F7921728DB80056EE5F /* AppKit.framework */; };
		2A4240402172D6710056EE5F /* libboost_python37.dylib in Frameworks */ = {isa = PBXBuildFile; fileRef = 2A423F69216986570056EE5F /* libboost_python37.dylib */; };
		2A4240412172D6890056EE5F /* libInfinitariumEngineDL.dylib in Frameworks */ = {isa = PBXBuildFile; fileRef = 2A4240392172D5A20056EE5F /* libInfinitariumEngineDL.dylib */; };
		2A4240422172D6A10056EE5F /* MotionControllerOrbit.cpp in Sources */ = {isa = PBXBuildFile; fileRef = 2A7BEAF2214EE0D2007CA6A3 /* MotionControllerOrbit.cpp */; };
		2A4240432172D6A10056EE5F /* PythonBridge.cpp in Sources */ = {isa = PBXBuildFile; fileRef = 2A423F6321696E7A0056EE5F /* PythonBridge.cpp */; };
		2A4240442172D6A10056EE5F /* PointCloud.cpp in Sources */ = {isa = PBXBuildFile; fileRef = 2AF2F4E321694F32003A5056 /* PointCloud.cpp */; };
		2A4240452172D6A10056EE5F /* Sampler.cpp in Sources */ = {isa = PBXBuildFile; fileRef = 4F0F8C28216FBD540054B3A1 /* Sampler.cpp */; };
		2A4240462172D6A10056EE5F /* Renderable.cpp in Sources */ = {isa = PBXBuildFile; fileRef = 4F0F8C2B216FC76B0054B3A1 /* Renderable.cpp */; };
		2A4240472172D6A10056EE5F /* DataBuffer.cpp in Sources */ = {isa = PBXBuildFile; fileRef = 4F0F8C2F21710EC10054B3A1 /* DataBuffer.cpp */; };
		2A4240482172D6A10056EE5F /* Serializers.cpp in Sources */ = {isa = PBXBuildFile; fileRef = 2A423F8821729C950056EE5F /* Serializers.cpp */; };
		2A4240492172D6A10056EE5F /* Scene.cpp in Sources */ = {isa = PBXBuildFile; fileRef = 2A423F8A21729FC20056EE5F /* Scene.cpp */; };
		2A42404A2172D6A10056EE5F /* EngineImpl.mm in Sources */ = {isa = PBXBuildFile; fileRef = 2A423F6D2172576B0056EE5F /* EngineImpl.mm */; };
		2A4240532172E25F0056EE5F /* Python in Frameworks */ = {isa = PBXBuildFile; fileRef = 2A4240522172E25F0056EE5F /* Python */; };
		2A424054217655290056EE5F /* Python in Frameworks */ = {isa = PBXBuildFile; fileRef = 2A4240522172E25F0056EE5F /* Python */; };
		2A61CC9E20BCFDB00014BF08 /* AppDelegate.m in Sources */ = {isa = PBXBuildFile; fileRef = 2A61CC9D20BCFDB00014BF08 /* AppDelegate.m */; };
		2A61CCA420BCFDB00014BF08 /* GameViewController.m in Sources */ = {isa = PBXBuildFile; fileRef = 2A61CCA320BCFDB00014BF08 /* GameViewController.m */; };
		2A61CCA620BCFDB00014BF08 /* Shaders.metal in Sources */ = {isa = PBXBuildFile; fileRef = 2A61CCA520BCFDB00014BF08 /* Shaders.metal */; };
		2A61CCA920BCFDB10014BF08 /* Assets.xcassets in Resources */ = {isa = PBXBuildFile; fileRef = 2A61CCA820BCFDB10014BF08 /* Assets.xcassets */; };
		2A61CCAF20BCFDB10014BF08 /* Stub.mm in Sources */ = {isa = PBXBuildFile; fileRef = 2A61CCAE20BCFDB10014BF08 /* Stub.mm */; };
		2A7BEAFD214EEAE7007CA6A3 /* libOIS.dylib in Frameworks */ = {isa = PBXBuildFile; fileRef = 2A7BEAFC214EEAE7007CA6A3 /* libOIS.dylib */; };
		2A7BEB00214EF7A1007CA6A3 /* OISBridge.mm in Sources */ = {isa = PBXBuildFile; fileRef = 2A7BEAFE214EF7A1007CA6A3 /* OISBridge.mm */; };
		2A7BEB02214EF96D007CA6A3 /* Carbon.framework in Frameworks */ = {isa = PBXBuildFile; fileRef = 2A7BEB01214EF96D007CA6A3 /* Carbon.framework */; };
		2A7BEB04214F1565007CA6A3 /* main.cpp in Sources */ = {isa = PBXBuildFile; fileRef = 2A7BEB03214F1565007CA6A3 /* main.cpp */; };
		2A7BEB07214F15B0007CA6A3 /* Platform.cpp in Sources */ = {isa = PBXBuildFile; fileRef = 2A7BEB05214F15B0007CA6A3 /* Platform.cpp */; };
		2AF2F4E721695332003A5056 /* README.md in Resources */ = {isa = PBXBuildFile; fileRef = 2AF2F4E621695332003A5056 /* README.md */; };
		4F046789216683EE00E12914 /* SimulationView.m in Sources */ = {isa = PBXBuildFile; fileRef = 4F046788216683EE00E12914 /* SimulationView.m */; };
/* End PBXBuildFile section */

/* Begin PBXFileReference section */
		2A0DD92A20D5C5D70011AF55 /* CameraMetal.mm */ = {isa = PBXFileReference; lastKnownFileType = sourcecode.cpp.objcpp; path = CameraMetal.mm; sourceTree = "<group>"; };
		2A0DD92B20D5C5D70011AF55 /* CameraMetal.h */ = {isa = PBXFileReference; lastKnownFileType = sourcecode.c.h; path = CameraMetal.h; sourceTree = "<group>"; };
		2A423F6321696E7A0056EE5F /* PythonBridge.cpp */ = {isa = PBXFileReference; lastKnownFileType = sourcecode.cpp.cpp; path = PythonBridge.cpp; sourceTree = "<group>"; };
		2A423F69216986570056EE5F /* libboost_python37.dylib */ = {isa = PBXFileReference; lastKnownFileType = "compiled.mach-o.dylib"; path = libboost_python37.dylib; sourceTree = "<group>"; };
		2A423F6C2169AC230056EE5F /* DataPack.hpp */ = {isa = PBXFileReference; lastKnownFileType = sourcecode.cpp.h; path = DataPack.hpp; sourceTree = "<group>"; };
		2A423F6D2172576B0056EE5F /* EngineImpl.mm */ = {isa = PBXFileReference; lastKnownFileType = sourcecode.cpp.objcpp; path = EngineImpl.mm; sourceTree = "<group>"; };
		2A423F6E2172576B0056EE5F /* EngineImpl.hpp */ = {isa = PBXFileReference; lastKnownFileType = sourcecode.cpp.h; path = EngineImpl.hpp; sourceTree = "<group>"; };
		2A423F7721728D910056EE5F /* Foundation.framework */ = {isa = PBXFileReference; lastKnownFileType = wrapper.framework; name = Foundation.framework; path = System/Library/Frameworks/Foundation.framework; sourceTree = SDKROOT; };
		2A423F7921728DB80056EE5F /* AppKit.framework */ = {isa = PBXFileReference; lastKnownFileType = wrapper.framework; name = AppKit.framework; path = System/Library/Frameworks/AppKit.framework; sourceTree = SDKROOT; };
		2A423F8821729C950056EE5F /* Serializers.cpp */ = {isa = PBXFileReference; lastKnownFileType = sourcecode.cpp.cpp; path = Serializers.cpp; sourceTree = "<group>"; };
		2A423F8A21729FC20056EE5F /* Scene.cpp */ = {isa = PBXFileReference; lastKnownFileType = sourcecode.cpp.cpp; path = Scene.cpp; sourceTree = "<group>"; };
		2A423F8B21729FC20056EE5F /* Scene.hpp */ = {isa = PBXFileReference; lastKnownFileType = sourcecode.cpp.h; path = Scene.hpp; sourceTree = "<group>"; };
		2A423FB12172A9DE0056EE5F /* libboost_serialization.dylib */ = {isa = PBXFileReference; lastKnownFileType = "compiled.mach-o.dylib"; name = libboost_serialization.dylib; path = ../../../../../usr/local/Cellar/boost/1.67.0_1/lib/libboost_serialization.dylib; sourceTree = "<group>"; };
		2A423FEA2172C8B80056EE5F /* Info.plist */ = {isa = PBXFileReference; lastKnownFileType = text.plist.xml; path = Info.plist; sourceTree = "<group>"; };
		2A4240182172D1070056EE5F /* InfinitariumEngine.so */ = {isa = PBXFileReference; explicitFileType = "compiled.mach-o.dylib"; includeInIndex = 0; path = InfinitariumEngine.so; sourceTree = BUILT_PRODUCTS_DIR; };
		2A4240392172D5A20056EE5F /* libInfinitariumEngineDL.dylib */ = {isa = PBXFileReference; explicitFileType = "compiled.mach-o.dylib"; includeInIndex = 0; path = libInfinitariumEngineDL.dylib; sourceTree = BUILT_PRODUCTS_DIR; };
		2A4240522172E25F0056EE5F /* Python */ = {isa = PBXFileReference; lastKnownFileType = "compiled.mach-o.dylib"; name = Python; path = ../../../../../usr/local/Cellar/python/3.7.0/Frameworks/Python.framework/Versions/3.7/Python; sourceTree = "<group>"; };
		2A61CC9920BCFDB00014BF08 /* Infinitarium.app */ = {isa = PBXFileReference; explicitFileType = wrapper.application; includeInIndex = 0; path = Infinitarium.app; sourceTree = BUILT_PRODUCTS_DIR; };
		2A61CC9C20BCFDB00014BF08 /* AppDelegate.h */ = {isa = PBXFileReference; lastKnownFileType = sourcecode.c.h; path = AppDelegate.h; sourceTree = "<group>"; };
		2A61CC9D20BCFDB00014BF08 /* AppDelegate.m */ = {isa = PBXFileReference; lastKnownFileType = sourcecode.c.objc; path = AppDelegate.m; sourceTree = "<group>"; };
		2A61CCA220BCFDB00014BF08 /* GameViewController.h */ = {isa = PBXFileReference; lastKnownFileType = sourcecode.c.h; path = GameViewController.h; sourceTree = "<group>"; };
		2A61CCA320BCFDB00014BF08 /* GameViewController.m */ = {isa = PBXFileReference; lastKnownFileType = sourcecode.c.objc; path = GameViewController.m; sourceTree = "<group>"; };
		2A61CCA520BCFDB00014BF08 /* Shaders.metal */ = {isa = PBXFileReference; lastKnownFileType = sourcecode.metal; path = Shaders.metal; sourceTree = "<group>"; };
		2A61CCA720BCFDB00014BF08 /* ShaderTypes.h */ = {isa = PBXFileReference; lastKnownFileType = sourcecode.c.h; path = ShaderTypes.h; sourceTree = "<group>"; };
		2A61CCA820BCFDB10014BF08 /* Assets.xcassets */ = {isa = PBXFileReference; lastKnownFileType = folder.assetcatalog; path = Assets.xcassets; sourceTree = "<group>"; };
		2A61CCAD20BCFDB10014BF08 /* Info.plist */ = {isa = PBXFileReference; lastKnownFileType = text.plist.xml; path = Info.plist; sourceTree = "<group>"; };
		2A61CCAE20BCFDB10014BF08 /* Stub.mm */ = {isa = PBXFileReference; lastKnownFileType = sourcecode.cpp.objcpp; path = Stub.mm; sourceTree = "<group>"; };
		2A61CCB020BCFDB10014BF08 /* MetalTest.entitlements */ = {isa = PBXFileReference; lastKnownFileType = text.plist.entitlements; path = MetalTest.entitlements; sourceTree = "<group>"; };
		2A7BEAF2214EE0D2007CA6A3 /* MotionControllerOrbit.cpp */ = {isa = PBXFileReference; lastKnownFileType = sourcecode.cpp.cpp; path = MotionControllerOrbit.cpp; sourceTree = "<group>"; };
		2A7BEAF3214EE0D2007CA6A3 /* MotionControllerOrbit.hpp */ = {isa = PBXFileReference; lastKnownFileType = sourcecode.cpp.h; path = MotionControllerOrbit.hpp; sourceTree = "<group>"; };
		2A7BEAFC214EEAE7007CA6A3 /* libOIS.dylib */ = {isa = PBXFileReference; lastKnownFileType = "compiled.mach-o.dylib"; path = libOIS.dylib; sourceTree = "<group>"; };
		2A7BEAFE214EF7A1007CA6A3 /* OISBridge.mm */ = {isa = PBXFileReference; lastKnownFileType = sourcecode.cpp.objcpp; path = OISBridge.mm; sourceTree = "<group>"; };
		2A7BEAFF214EF7A1007CA6A3 /* OISBridge.hpp */ = {isa = PBXFileReference; lastKnownFileType = sourcecode.cpp.h; path = OISBridge.hpp; sourceTree = "<group>"; };
		2A7BEB01214EF96D007CA6A3 /* Carbon.framework */ = {isa = PBXFileReference; lastKnownFileType = wrapper.framework; name = Carbon.framework; path = System/Library/Frameworks/Carbon.framework; sourceTree = SDKROOT; };
		2A7BEB03214F1565007CA6A3 /* main.cpp */ = {isa = PBXFileReference; lastKnownFileType = sourcecode.cpp.cpp; path = main.cpp; sourceTree = "<group>"; };
		2A7BEB05214F15B0007CA6A3 /* Platform.cpp */ = {isa = PBXFileReference; lastKnownFileType = sourcecode.cpp.cpp; path = Platform.cpp; sourceTree = "<group>"; };
		2A7BEB06214F15B0007CA6A3 /* Platform.hpp */ = {isa = PBXFileReference; lastKnownFileType = sourcecode.cpp.h; path = Platform.hpp; sourceTree = "<group>"; };
		2AF2F4E321694F32003A5056 /* PointCloud.cpp */ = {isa = PBXFileReference; lastKnownFileType = sourcecode.cpp.cpp; path = PointCloud.cpp; sourceTree = "<group>"; };
		2AF2F4E421694F32003A5056 /* PointCloud.hpp */ = {isa = PBXFileReference; lastKnownFileType = sourcecode.cpp.h; path = PointCloud.hpp; sourceTree = "<group>"; };
		2AF2F4E621695332003A5056 /* README.md */ = {isa = PBXFileReference; fileEncoding = 4; lastKnownFileType = net.daringfireball.markdown; path = README.md; sourceTree = "<group>"; };
		4F046787216683DD00E12914 /* SimulationView.h */ = {isa = PBXFileReference; lastKnownFileType = sourcecode.c.h; path = SimulationView.h; sourceTree = "<group>"; };
		4F046788216683EE00E12914 /* SimulationView.m */ = {isa = PBXFileReference; fileEncoding = 4; lastKnownFileType = sourcecode.c.objc; path = SimulationView.m; sourceTree = "<group>"; };
		4F04678B2166D19700E12914 /* defaultOverlay.html */ = {isa = PBXFileReference; lastKnownFileType = text.html; path = defaultOverlay.html; sourceTree = "<group>"; };
		4F0F8C28216FBD540054B3A1 /* Sampler.cpp */ = {isa = PBXFileReference; lastKnownFileType = sourcecode.cpp.cpp; path = Sampler.cpp; sourceTree = "<group>"; };
		4F0F8C29216FBD540054B3A1 /* Sampler.hpp */ = {isa = PBXFileReference; lastKnownFileType = sourcecode.cpp.h; path = Sampler.hpp; sourceTree = "<group>"; };
		4F0F8C2B216FC76B0054B3A1 /* Renderable.cpp */ = {isa = PBXFileReference; lastKnownFileType = sourcecode.cpp.cpp; path = Renderable.cpp; sourceTree = "<group>"; };
		4F0F8C2C216FC76B0054B3A1 /* Renderable.hpp */ = {isa = PBXFileReference; lastKnownFileType = sourcecode.cpp.h; path = Renderable.hpp; sourceTree = "<group>"; };
		4F0F8C2F21710EC10054B3A1 /* DataBuffer.cpp */ = {isa = PBXFileReference; lastKnownFileType = sourcecode.cpp.cpp; path = DataBuffer.cpp; sourceTree = "<group>"; };
		4F0F8C3021710EC10054B3A1 /* DataBuffer.hpp */ = {isa = PBXFileReference; lastKnownFileType = sourcecode.cpp.h; path = DataBuffer.hpp; sourceTree = "<group>"; };
/* End PBXFileReference section */

/* Begin PBXFrameworksBuildPhase section */
		2A4240162172D1070056EE5F /* Frameworks */ = {
			isa = PBXFrameworksBuildPhase;
			buildActionMask = 2147483647;
			files = (
				2A4240532172E25F0056EE5F /* Python in Frameworks */,
				2A42401F2172D1AF0056EE5F /* libboost_python37.dylib in Frameworks */,
				2A42401D2172D1AA0056EE5F /* libboost_serialization.dylib in Frameworks */,
				2A42401E2172D1AD0056EE5F /* AppKit.framework in Frameworks */,
			);
			runOnlyForDeploymentPostprocessing = 0;
		};
		2A4240372172D5A20056EE5F /* Frameworks */ = {
			isa = PBXFrameworksBuildPhase;
			buildActionMask = 2147483647;
			files = (
				2A424054217655290056EE5F /* Python in Frameworks */,
				2A4240402172D6710056EE5F /* libboost_python37.dylib in Frameworks */,
				2A42403E2172D66C0056EE5F /* libboost_serialization.dylib in Frameworks */,
				2A42403F2172D66E0056EE5F /* AppKit.framework in Frameworks */,
			);
			runOnlyForDeploymentPostprocessing = 0;
		};
		2A61CC9620BCFDB00014BF08 /* Frameworks */ = {
			isa = PBXFrameworksBuildPhase;
			buildActionMask = 2147483647;
			files = (
				2A7BEB02214EF96D007CA6A3 /* Carbon.framework in Frameworks */,
				2A7BEAFD214EEAE7007CA6A3 /* libOIS.dylib in Frameworks */,
				2A4240412172D6890056EE5F /* libInfinitariumEngineDL.dylib in Frameworks */,
			);
			runOnlyForDeploymentPostprocessing = 0;
		};
/* End PBXFrameworksBuildPhase section */

/* Begin PBXGroup section */
		2A423F61216960F50056EE5F /* Engine */ = {
			isa = PBXGroup;
			children = (
				2A7BEAF2214EE0D2007CA6A3 /* MotionControllerOrbit.cpp */,
				2A7BEAF3214EE0D2007CA6A3 /* MotionControllerOrbit.hpp */,
				2A423F6321696E7A0056EE5F /* PythonBridge.cpp */,
				2AF2F4E321694F32003A5056 /* PointCloud.cpp */,
				2AF2F4E421694F32003A5056 /* PointCloud.hpp */,
				2A423F6C2169AC230056EE5F /* DataPack.hpp */,
				4F0F8C28216FBD540054B3A1 /* Sampler.cpp */,
				4F0F8C29216FBD540054B3A1 /* Sampler.hpp */,
				4F0F8C2B216FC76B0054B3A1 /* Renderable.cpp */,
				4F0F8C2C216FC76B0054B3A1 /* Renderable.hpp */,
				4F0F8C2F21710EC10054B3A1 /* DataBuffer.cpp */,
				4F0F8C3021710EC10054B3A1 /* DataBuffer.hpp */,
				2A423F8821729C950056EE5F /* Serializers.cpp */,
				2A423F8A21729FC20056EE5F /* Scene.cpp */,
				2A423F8B21729FC20056EE5F /* Scene.hpp */,
			);
			path = Engine;
			sourceTree = "<group>";
		};
		2A423FE92172C8B80056EE5F /* InfinitariumEngine */ = {
			isa = PBXGroup;
			children = (
				2A423FEA2172C8B80056EE5F /* Info.plist */,
			);
			path = InfinitariumEngine;
			sourceTree = "<group>";
		};
		2A61CC9020BCFDAF0014BF08 = {
			isa = PBXGroup;
			children = (
				2A423F61216960F50056EE5F /* Engine */,
				4F04678A2166D14300E12914 /* UI */,
				2A423FE92172C8B80056EE5F /* InfinitariumEngine */,
				2A7BEAF7214EE9B6007CA6A3 /* Frameworks */,
				2A7BEAF6214EE5C2007CA6A3 /* Vulkan */,
				2A7BEAF1214ED611007CA6A3 /* Platform */,
				2A61CC9B20BCFDB00014BF08 /* Metal */,
				2A61CC9A20BCFDB00014BF08 /* Products */,
				2AF2F4E621695332003A5056 /* README.md */,
			);
			sourceTree = "<group>";
		};
		2A61CC9A20BCFDB00014BF08 /* Products */ = {
			isa = PBXGroup;
			children = (
				2A61CC9920BCFDB00014BF08 /* Infinitarium.app */,
				2A4240182172D1070056EE5F /* InfinitariumEngine.so */,
				2A4240392172D5A20056EE5F /* libInfinitariumEngineDL.dylib */,
			);
			name = Products;
			sourceTree = "<group>";
		};
		2A61CC9B20BCFDB00014BF08 /* Metal */ = {
			isa = PBXGroup;
			children = (
				4F046788216683EE00E12914 /* SimulationView.m */,
				4F046787216683DD00E12914 /* SimulationView.h */,
				2A61CC9C20BCFDB00014BF08 /* AppDelegate.h */,
				2A61CC9D20BCFDB00014BF08 /* AppDelegate.m */,
				2A61CCA220BCFDB00014BF08 /* GameViewController.h */,
				2A61CCA320BCFDB00014BF08 /* GameViewController.m */,
				2A61CCA520BCFDB00014BF08 /* Shaders.metal */,
				2A61CCA720BCFDB00014BF08 /* ShaderTypes.h */,
				2A61CCA820BCFDB10014BF08 /* Assets.xcassets */,
				2A61CCAD20BCFDB10014BF08 /* Info.plist */,
				2A61CCAE20BCFDB10014BF08 /* Stub.mm */,
				2A61CCB020BCFDB10014BF08 /* MetalTest.entitlements */,
				2A0DD92A20D5C5D70011AF55 /* CameraMetal.mm */,
				2A0DD92B20D5C5D70011AF55 /* CameraMetal.h */,
				2A423F6D2172576B0056EE5F /* EngineImpl.mm */,
				2A423F6E2172576B0056EE5F /* EngineImpl.hpp */,
			);
			path = Metal;
			sourceTree = "<group>";
		};
		2A7BEAF1214ED611007CA6A3 /* Platform */ = {
			isa = PBXGroup;
			children = (
				2A7BEAFF214EF7A1007CA6A3 /* OISBridge.hpp */,
				2A7BEAFE214EF7A1007CA6A3 /* OISBridge.mm */,
				2A7BEB03214F1565007CA6A3 /* main.cpp */,
				2A7BEB05214F15B0007CA6A3 /* Platform.cpp */,
				2A7BEB06214F15B0007CA6A3 /* Platform.hpp */,
			);
			path = Platform;
			sourceTree = "<group>";
		};
		2A7BEAF6214EE5C2007CA6A3 /* Vulkan */ = {
			isa = PBXGroup;
			children = (
			);
			path = Vulkan;
			sourceTree = "<group>";
		};
		2A7BEAF7214EE9B6007CA6A3 /* Frameworks */ = {
			isa = PBXGroup;
			children = (
				2A4240522172E25F0056EE5F /* Python */,
				2A423FB12172A9DE0056EE5F /* libboost_serialization.dylib */,
				2A423F7921728DB80056EE5F /* AppKit.framework */,
				2A423F7721728D910056EE5F /* Foundation.framework */,
				2A423F69216986570056EE5F /* libboost_python37.dylib */,
				2A7BEB01214EF96D007CA6A3 /* Carbon.framework */,
				2A7BEAFC214EEAE7007CA6A3 /* libOIS.dylib */,
			);
			path = Frameworks;
			sourceTree = "<group>";
		};
		4F04678A2166D14300E12914 /* UI */ = {
			isa = PBXGroup;
			children = (
				4F04678B2166D19700E12914 /* defaultOverlay.html */,
			);
			path = UI;
			sourceTree = "<group>";
		};
/* End PBXGroup section */

/* Begin PBXHeadersBuildPhase section */
		2A4240142172D1070056EE5F /* Headers */ = {
			isa = PBXHeadersBuildPhase;
			buildActionMask = 2147483647;
			files = (
			);
			runOnlyForDeploymentPostprocessing = 0;
		};
		2A4240352172D5A20056EE5F /* Headers */ = {
			isa = PBXHeadersBuildPhase;
			buildActionMask = 2147483647;
			files = (
			);
			runOnlyForDeploymentPostprocessing = 0;
		};
/* End PBXHeadersBuildPhase section */

/* Begin PBXNativeTarget section */
		2A4240172172D1070056EE5F /* InfinitariumEngine */ = {
			isa = PBXNativeTarget;
			buildConfigurationList = 2A4240192172D1070056EE5F /* Build configuration list for PBXNativeTarget "InfinitariumEngine" */;
			buildPhases = (
				2A4240142172D1070056EE5F /* Headers */,
				2A4240152172D1070056EE5F /* Sources */,
				2A4240162172D1070056EE5F /* Frameworks */,
			);
			buildRules = (
			);
			dependencies = (
			);
			name = InfinitariumEngine;
			productName = InfinitariumEngine;
			productReference = 2A4240182172D1070056EE5F /* InfinitariumEngine.so */;
			productType = "com.apple.product-type.library.dynamic";
		};
		2A4240382172D5A20056EE5F /* InfinitariumEngineDL */ = {
			isa = PBXNativeTarget;
			buildConfigurationList = 2A42403A2172D5A20056EE5F /* Build configuration list for PBXNativeTarget "InfinitariumEngineDL" */;
			buildPhases = (
				2A4240352172D5A20056EE5F /* Headers */,
				2A4240362172D5A20056EE5F /* Sources */,
				2A4240372172D5A20056EE5F /* Frameworks */,
			);
			buildRules = (
			);
			dependencies = (
			);
			name = InfinitariumEngineDL;
			productName = InfinitariumEngineDL;
			productReference = 2A4240392172D5A20056EE5F /* libInfinitariumEngineDL.dylib */;
			productType = "com.apple.product-type.library.dynamic";
		};
		2A61CC9820BCFDB00014BF08 /* Infinitarium */ = {
			isa = PBXNativeTarget;
			buildConfigurationList = 2A61CCB320BCFDB10014BF08 /* Build configuration list for PBXNativeTarget "Infinitarium" */;
			buildPhases = (
				2A61CC9520BCFDB00014BF08 /* Sources */,
				2A61CC9620BCFDB00014BF08 /* Frameworks */,
				2A61CC9720BCFDB00014BF08 /* Resources */,
			);
			buildRules = (
			);
			dependencies = (
			);
			name = Infinitarium;
			productName = MetalTest;
			productReference = 2A61CC9920BCFDB00014BF08 /* Infinitarium.app */;
			productType = "com.apple.product-type.application";
		};
/* End PBXNativeTarget section */

/* Begin PBXProject section */
		2A61CC9120BCFDAF0014BF08 /* Project object */ = {
			isa = PBXProject;
			attributes = {
				LastUpgradeCheck = 0930;
				ORGANIZATIONNAME = "";
				TargetAttributes = {
					2A4240172172D1070056EE5F = {
						CreatedOnToolsVersion = 10.0;
					};
					2A4240382172D5A20056EE5F = {
						CreatedOnToolsVersion = 10.0;
					};
					2A61CC9820BCFDB00014BF08 = {
						CreatedOnToolsVersion = 9.3.1;
					};
				};
			};
			buildConfigurationList = 2A61CC9420BCFDAF0014BF08 /* Build configuration list for PBXProject "Infinitarium" */;
			compatibilityVersion = "Xcode 9.3";
			developmentRegion = en;
			hasScannedForEncodings = 0;
			knownRegions = (
				en,
				Base,
			);
			mainGroup = 2A61CC9020BCFDAF0014BF08;
			productRefGroup = 2A61CC9A20BCFDB00014BF08 /* Products */;
			projectDirPath = "";
			projectRoot = "";
			targets = (
				2A61CC9820BCFDB00014BF08 /* Infinitarium */,
				2A4240172172D1070056EE5F /* InfinitariumEngine */,
				2A4240382172D5A20056EE5F /* InfinitariumEngineDL */,
			);
		};
/* End PBXProject section */

/* Begin PBXResourcesBuildPhase section */
		2A61CC9720BCFDB00014BF08 /* Resources */ = {
			isa = PBXResourcesBuildPhase;
			buildActionMask = 2147483647;
			files = (
				2AF2F4E721695332003A5056 /* README.md in Resources */,
				2A61CCA920BCFDB10014BF08 /* Assets.xcassets in Resources */,
			);
			runOnlyForDeploymentPostprocessing = 0;
		};
/* End PBXResourcesBuildPhase section */

/* Begin PBXSourcesBuildPhase section */
		2A4240152172D1070056EE5F /* Sources */ = {
			isa = PBXSourcesBuildPhase;
			buildActionMask = 2147483647;
			files = (
				2A4240292172D1EB0056EE5F /* EngineImpl.mm in Sources */,
				2A4240282172D1EB0056EE5F /* Scene.cpp in Sources */,
				2A4240242172D1EB0056EE5F /* Sampler.cpp in Sources */,
				2A4240222172D1EB0056EE5F /* PythonBridge.cpp in Sources */,
				2A4240252172D1EB0056EE5F /* Renderable.cpp in Sources */,
				2A4240262172D1EB0056EE5F /* DataBuffer.cpp in Sources */,
				2A4240272172D1EB0056EE5F /* Serializers.cpp in Sources */,
				2A4240232172D1EB0056EE5F /* PointCloud.cpp in Sources */,
				2A4240212172D1EB0056EE5F /* MotionControllerOrbit.cpp in Sources */,
			);
			runOnlyForDeploymentPostprocessing = 0;
		};
		2A4240362172D5A20056EE5F /* Sources */ = {
			isa = PBXSourcesBuildPhase;
			buildActionMask = 2147483647;
			files = (
				2A42404A2172D6A10056EE5F /* EngineImpl.mm in Sources */,
				2A4240492172D6A10056EE5F /* Scene.cpp in Sources */,
				2A4240452172D6A10056EE5F /* Sampler.cpp in Sources */,
				2A4240432172D6A10056EE5F /* PythonBridge.cpp in Sources */,
				2A4240462172D6A10056EE5F /* Renderable.cpp in Sources */,
				2A4240472172D6A10056EE5F /* DataBuffer.cpp in Sources */,
				2A4240482172D6A10056EE5F /* Serializers.cpp in Sources */,
				2A4240442172D6A10056EE5F /* PointCloud.cpp in Sources */,
				2A4240422172D6A10056EE5F /* MotionControllerOrbit.cpp in Sources */,
			);
			runOnlyForDeploymentPostprocessing = 0;
		};
		2A61CC9520BCFDB00014BF08 /* Sources */ = {
			isa = PBXSourcesBuildPhase;
			buildActionMask = 2147483647;
			files = (
				2A61CCAF20BCFDB10014BF08 /* Stub.mm in Sources */,
				2A61CCA620BCFDB00014BF08 /* Shaders.metal in Sources */,
				2A61CCA420BCFDB00014BF08 /* GameViewController.m in Sources */,
				4F046789216683EE00E12914 /* SimulationView.m in Sources */,
				2A0DD92C20D5C5D70011AF55 /* CameraMetal.mm in Sources */,
				2A7BEB00214EF7A1007CA6A3 /* OISBridge.mm in Sources */,
				2A7BEB04214F1565007CA6A3 /* main.cpp in Sources */,
				2A61CC9E20BCFDB00014BF08 /* AppDelegate.m in Sources */,
				2A7BEB07214F15B0007CA6A3 /* Platform.cpp in Sources */,
			);
			runOnlyForDeploymentPostprocessing = 0;
		};
/* End PBXSourcesBuildPhase section */

/* Begin XCBuildConfiguration section */
		2A42401A2172D1070056EE5F /* Debug */ = {
			isa = XCBuildConfiguration;
			buildSettings = {
				CLANG_CXX_LANGUAGE_STANDARD = "gnu++17";
				CODE_SIGN_STYLE = Automatic;
				DYLIB_COMPATIBILITY_VERSION = "";
				DYLIB_CURRENT_VERSION = "";
				EXECUTABLE_EXTENSION = so;
				FRAMEWORK_SEARCH_PATHS = /usr/local/Cellar/python/3.7.0/Frameworks;
				HEADER_SEARCH_PATHS = /usr/local/include;
				LIBRARY_SEARCH_PATHS = (
					"$(inherited)",
					/usr/local/Cellar/boost/1.67.0_1/lib,
					"$(PROJECT_DIR)/Frameworks",
					/usr/local/Cellar/python/3.7.0/Frameworks/Python.framework/Versions/3.7,
				);
				MACH_O_TYPE = mh_bundle;
				MTL_ENABLE_DEBUG_INFO = INCLUDE_SOURCE;
				MTL_FAST_MATH = YES;
				PRODUCT_NAME = "$(TARGET_NAME)";
				SKIP_INSTALL = YES;
				SYSTEM_HEADER_SEARCH_PATHS = /usr/local/Cellar/python/3.7.0/Frameworks/Python.framework/Versions/3.7/include/python3.7m;
			};
			name = Debug;
		};
		2A42401B2172D1070056EE5F /* Release */ = {
			isa = XCBuildConfiguration;
			buildSettings = {
				CLANG_CXX_LANGUAGE_STANDARD = "gnu++17";
				CODE_SIGN_STYLE = Automatic;
				DYLIB_COMPATIBILITY_VERSION = "";
				DYLIB_CURRENT_VERSION = "";
				EXECUTABLE_EXTENSION = so;
				FRAMEWORK_SEARCH_PATHS = /usr/local/Cellar/python/3.7.0/Frameworks;
				HEADER_SEARCH_PATHS = /usr/local/include;
				LIBRARY_SEARCH_PATHS = (
					"$(inherited)",
					/usr/local/Cellar/boost/1.67.0_1/lib,
					"$(PROJECT_DIR)/Frameworks",
					/usr/local/Cellar/python/3.7.0/Frameworks/Python.framework/Versions/3.7,
				);
				MACH_O_TYPE = mh_bundle;
				MTL_FAST_MATH = YES;
				PRODUCT_NAME = "$(TARGET_NAME)";
				SKIP_INSTALL = YES;
				SYSTEM_HEADER_SEARCH_PATHS = /usr/local/Cellar/python/3.7.0/Frameworks/Python.framework/Versions/3.7/include/python3.7m;
			};
			name = Release;
		};
		2A42403B2172D5A20056EE5F /* Debug */ = {
			isa = XCBuildConfiguration;
			buildSettings = {
				CLANG_CXX_LANGUAGE_STANDARD = "gnu++17";
				CODE_SIGN_STYLE = Automatic;
				DYLIB_COMPATIBILITY_VERSION = 1;
				DYLIB_CURRENT_VERSION = 1;
				EXECUTABLE_PREFIX = lib;
				FRAMEWORK_SEARCH_PATHS = (
					/usr/local/Cellar/python/3.7.0/Frameworks,
					"$(inherited)",
				);
				HEADER_SEARCH_PATHS = /usr/local/include;
				LIBRARY_SEARCH_PATHS = (
					"$(inherited)",
					/usr/local/Cellar/boost/1.67.0_1/lib,
					"$(PROJECT_DIR)/Frameworks",
					/usr/local/Cellar/python/3.7.0/Frameworks/Python.framework/Versions/3.7,
				);
				MTL_ENABLE_DEBUG_INFO = INCLUDE_SOURCE;
				MTL_FAST_MATH = YES;
				PRODUCT_NAME = "$(TARGET_NAME)";
				SKIP_INSTALL = YES;
				SYSTEM_HEADER_SEARCH_PATHS = /usr/local/Cellar/python/3.7.0/Frameworks/Python.framework/Versions/3.7/include/python3.7m;
			};
			name = Debug;
		};
		2A42403C2172D5A20056EE5F /* Release */ = {
			isa = XCBuildConfiguration;
			buildSettings = {
				CLANG_CXX_LANGUAGE_STANDARD = "gnu++17";
				CODE_SIGN_STYLE = Automatic;
				DYLIB_COMPATIBILITY_VERSION = 1;
				DYLIB_CURRENT_VERSION = 1;
				EXECUTABLE_PREFIX = lib;
				FRAMEWORK_SEARCH_PATHS = (
					/usr/local/Cellar/python/3.7.0/Frameworks,
					"$(inherited)",
				);
				HEADER_SEARCH_PATHS = /usr/local/include;
				LIBRARY_SEARCH_PATHS = (
					"$(inherited)",
					/usr/local/Cellar/boost/1.67.0_1/lib,
					"$(PROJECT_DIR)/Frameworks",
					/usr/local/Cellar/python/3.7.0/Frameworks/Python.framework/Versions/3.7,
				);
				MTL_FAST_MATH = YES;
				PRODUCT_NAME = "$(TARGET_NAME)";
				SKIP_INSTALL = YES;
				SYSTEM_HEADER_SEARCH_PATHS = /usr/local/Cellar/python/3.7.0/Frameworks/Python.framework/Versions/3.7/include/python3.7m;
			};
			name = Release;
		};
		2A61CCB120BCFDB10014BF08 /* Debug */ = {
			isa = XCBuildConfiguration;
			buildSettings = {
				ALWAYS_SEARCH_USER_PATHS = NO;
				CLANG_ANALYZER_NONNULL = YES;
				CLANG_ANALYZER_NUMBER_OBJECT_CONVERSION = YES_AGGRESSIVE;
				CLANG_CXX_LANGUAGE_STANDARD = "gnu++17";
				CLANG_CXX_LIBRARY = "libc++";
				CLANG_ENABLE_MODULES = YES;
				CLANG_ENABLE_OBJC_ARC = YES;
				CLANG_ENABLE_OBJC_WEAK = YES;
				CLANG_WARN_BLOCK_CAPTURE_AUTORELEASING = YES;
				CLANG_WARN_BOOL_CONVERSION = YES;
				CLANG_WARN_COMMA = YES;
				CLANG_WARN_CONSTANT_CONVERSION = YES;
				CLANG_WARN_DEPRECATED_OBJC_IMPLEMENTATIONS = YES;
				CLANG_WARN_DIRECT_OBJC_ISA_USAGE = YES_ERROR;
				CLANG_WARN_DOCUMENTATION_COMMENTS = YES;
				CLANG_WARN_EMPTY_BODY = YES;
				CLANG_WARN_ENUM_CONVERSION = YES;
				CLANG_WARN_INFINITE_RECURSION = YES;
				CLANG_WARN_INT_CONVERSION = YES;
				CLANG_WARN_NON_LITERAL_NULL_CONVERSION = YES;
				CLANG_WARN_OBJC_IMPLICIT_RETAIN_SELF = YES;
				CLANG_WARN_OBJC_LITERAL_CONVERSION = YES;
				CLANG_WARN_OBJC_ROOT_CLASS = YES_ERROR;
				CLANG_WARN_RANGE_LOOP_ANALYSIS = YES;
				CLANG_WARN_STRICT_PROTOTYPES = YES;
				CLANG_WARN_SUSPICIOUS_MOVE = YES;
				CLANG_WARN_UNGUARDED_AVAILABILITY = YES_AGGRESSIVE;
				CLANG_WARN_UNREACHABLE_CODE = YES;
				CLANG_WARN__DUPLICATE_METHOD_MATCH = YES;
				CODE_SIGN_IDENTITY = "-";
				COPY_PHASE_STRIP = NO;
				DEBUG_INFORMATION_FORMAT = dwarf;
				ENABLE_STRICT_OBJC_MSGSEND = YES;
				ENABLE_TESTABILITY = YES;
				GCC_C_LANGUAGE_STANDARD = gnu11;
				GCC_DYNAMIC_NO_PIC = NO;
				GCC_NO_COMMON_BLOCKS = YES;
				GCC_OPTIMIZATION_LEVEL = 0;
				GCC_PREPROCESSOR_DEFINITIONS = (
					"DEBUG=1",
					"$(inherited)",
				);
				GCC_WARN_64_TO_32_BIT_CONVERSION = YES;
				GCC_WARN_ABOUT_RETURN_TYPE = YES_ERROR;
				GCC_WARN_UNDECLARED_SELECTOR = YES;
				GCC_WARN_UNINITIALIZED_AUTOS = YES_AGGRESSIVE;
				GCC_WARN_UNUSED_FUNCTION = YES;
				GCC_WARN_UNUSED_VARIABLE = YES;
				MACOSX_DEPLOYMENT_TARGET = 10.14;
				MTL_ENABLE_DEBUG_INFO = YES;
				ONLY_ACTIVE_ARCH = YES;
				SDKROOT = macosx;
			};
			name = Debug;
		};
		2A61CCB220BCFDB10014BF08 /* Release */ = {
			isa = XCBuildConfiguration;
			buildSettings = {
				ALWAYS_SEARCH_USER_PATHS = NO;
				CLANG_ANALYZER_NONNULL = YES;
				CLANG_ANALYZER_NUMBER_OBJECT_CONVERSION = YES_AGGRESSIVE;
				CLANG_CXX_LANGUAGE_STANDARD = "gnu++17";
				CLANG_CXX_LIBRARY = "libc++";
				CLANG_ENABLE_MODULES = YES;
				CLANG_ENABLE_OBJC_ARC = YES;
				CLANG_ENABLE_OBJC_WEAK = YES;
				CLANG_WARN_BLOCK_CAPTURE_AUTORELEASING = YES;
				CLANG_WARN_BOOL_CONVERSION = YES;
				CLANG_WARN_COMMA = YES;
				CLANG_WARN_CONSTANT_CONVERSION = YES;
				CLANG_WARN_DEPRECATED_OBJC_IMPLEMENTATIONS = YES;
				CLANG_WARN_DIRECT_OBJC_ISA_USAGE = YES_ERROR;
				CLANG_WARN_DOCUMENTATION_COMMENTS = YES;
				CLANG_WARN_EMPTY_BODY = YES;
				CLANG_WARN_ENUM_CONVERSION = YES;
				CLANG_WARN_INFINITE_RECURSION = YES;
				CLANG_WARN_INT_CONVERSION = YES;
				CLANG_WARN_NON_LITERAL_NULL_CONVERSION = YES;
				CLANG_WARN_OBJC_IMPLICIT_RETAIN_SELF = YES;
				CLANG_WARN_OBJC_LITERAL_CONVERSION = YES;
				CLANG_WARN_OBJC_ROOT_CLASS = YES_ERROR;
				CLANG_WARN_RANGE_LOOP_ANALYSIS = YES;
				CLANG_WARN_STRICT_PROTOTYPES = YES;
				CLANG_WARN_SUSPICIOUS_MOVE = YES;
				CLANG_WARN_UNGUARDED_AVAILABILITY = YES_AGGRESSIVE;
				CLANG_WARN_UNREACHABLE_CODE = YES;
				CLANG_WARN__DUPLICATE_METHOD_MATCH = YES;
				CODE_SIGN_IDENTITY = "-";
				COPY_PHASE_STRIP = NO;
				DEBUG_INFORMATION_FORMAT = "dwarf-with-dsym";
				ENABLE_NS_ASSERTIONS = NO;
				ENABLE_STRICT_OBJC_MSGSEND = YES;
				GCC_C_LANGUAGE_STANDARD = gnu11;
				GCC_NO_COMMON_BLOCKS = YES;
				GCC_WARN_64_TO_32_BIT_CONVERSION = YES;
				GCC_WARN_ABOUT_RETURN_TYPE = YES_ERROR;
				GCC_WARN_UNDECLARED_SELECTOR = YES;
				GCC_WARN_UNINITIALIZED_AUTOS = YES_AGGRESSIVE;
				GCC_WARN_UNUSED_FUNCTION = YES;
				GCC_WARN_UNUSED_VARIABLE = YES;
				MACOSX_DEPLOYMENT_TARGET = 10.14;
				MTL_ENABLE_DEBUG_INFO = NO;
				SDKROOT = macosx;
			};
			name = Release;
		};
		2A61CCB420BCFDB10014BF08 /* Debug */ = {
			isa = XCBuildConfiguration;
			buildSettings = {
				ASSETCATALOG_COMPILER_APPICON_NAME = AppIcon;
				CODE_SIGN_ENTITLEMENTS = MetalTest/MetalTest.entitlements;
				CODE_SIGN_STYLE = Automatic;
				COMBINE_HIDPI_IMAGES = YES;
				FRAMEWORK_SEARCH_PATHS = (
					"$(inherited)",
					/usr/local/Cellar/python/3.7.0/Frameworks,
				);
				HEADER_SEARCH_PATHS = /usr/local/include;
				INFOPLIST_FILE = "$(SRCROOT)/Metal/Info.plist";
				LD_RUNPATH_SEARCH_PATHS = (
					"$(inherited)",
					"@executable_path/../Frameworks",
				);
				LIBRARY_SEARCH_PATHS = (
					"$(inherited)",
					/usr/local/lib,
					"$(PROJECT_DIR)/Frameworks",
				);
				PRODUCT_BUNDLE_IDENTIFIER = "com.bluecanvas-studios.infinitarium";
				PRODUCT_NAME = "$(TARGET_NAME)";
			};
			name = Debug;
		};
		2A61CCB520BCFDB10014BF08 /* Release */ = {
			isa = XCBuildConfiguration;
			buildSettings = {
				ASSETCATALOG_COMPILER_APPICON_NAME = AppIcon;
				CODE_SIGN_ENTITLEMENTS = MetalTest/MetalTest.entitlements;
				CODE_SIGN_STYLE = Automatic;
				COMBINE_HIDPI_IMAGES = YES;
				FRAMEWORK_SEARCH_PATHS = (
					"$(inherited)",
					/usr/local/Cellar/python/3.7.0/Frameworks,
				);
				HEADER_SEARCH_PATHS = /usr/local/include;
				INFOPLIST_FILE = "$(SRCROOT)/Metal/Info.plist";
				LD_RUNPATH_SEARCH_PATHS = (
					"$(inherited)",
					"@executable_path/../Frameworks",
				);
				LIBRARY_SEARCH_PATHS = (
					"$(inherited)",
					/usr/local/lib,
					"$(PROJECT_DIR)/Frameworks",
				);
				PRODUCT_BUNDLE_IDENTIFIER = "com.bluecanvas-studios.infinitarium";
				PRODUCT_NAME = "$(TARGET_NAME)";
			};
			name = Release;
		};
/* End XCBuildConfiguration section */

/* Begin XCConfigurationList section */
		2A4240192172D1070056EE5F /* Build configuration list for PBXNativeTarget "InfinitariumEngine" */ = {
			isa = XCConfigurationList;
			buildConfigurations = (
				2A42401A2172D1070056EE5F /* Debug */,
				2A42401B2172D1070056EE5F /* Release */,
			);
			defaultConfigurationIsVisible = 0;
			defaultConfigurationName = Release;
		};
		2A42403A2172D5A20056EE5F /* Build configuration list for PBXNativeTarget "InfinitariumEngineDL" */ = {
			isa = XCConfigurationList;
			buildConfigurations = (
				2A42403B2172D5A20056EE5F /* Debug */,
				2A42403C2172D5A20056EE5F /* Release */,
			);
			defaultConfigurationIsVisible = 0;
			defaultConfigurationName = Release;
		};
		2A61CC9420BCFDAF0014BF08 /* Build configuration list for PBXProject "Infinitarium" */ = {
			isa = XCConfigurationList;
			buildConfigurations = (
				2A61CCB120BCFDB10014BF08 /* Debug */,
				2A61CCB220BCFDB10014BF08 /* Release */,
			);
			defaultConfigurationIsVisible = 0;
			defaultConfigurationName = Release;
		};
		2A61CCB320BCFDB10014BF08 /* Build configuration list for PBXNativeTarget "Infinitarium" */ = {
			isa = XCConfigurationList;
			buildConfigurations = (
				2A61CCB420BCFDB10014BF08 /* Debug */,
				2A61CCB520BCFDB10014BF08 /* Release */,
			);
			defaultConfigurationIsVisible = 0;
			defaultConfigurationName = Release;
		};
/* End XCConfigurationList section */
	};
	rootObject = 2A61CC9120BCFDAF0014BF08 /* Project object */;
}
